Microsoft Visual Studio Solution File, Format Version 12.00
# Visual Studio Version 17
VisualStudioVersion = 17.5.2.0
MinimumVisualStudioVersion = 10.0.40219.1
Project("{FAE04EC0-301F-11D3-BF4B-00C04F79EFBC}") = "MDBManager", "MDBManager.csproj", "{9BC9157F-1CF1-BFC9-A377-B9BE9B72BFDB}"
EndProject
Global
	GlobalSection(SolutionConfigurationPlatforms) = preSolution
		Debug|Any CPU = Debug|Any CPU
		Release|Any CPU = Release|Any CPU
	EndGlobalSection
	GlobalSection(ProjectConfigurationPlatforms) = postSolution
		{9BC9157F-1CF1-BFC9-A377-B9BE9B72BFDB}.Debug|Any CPU.ActiveCfg = Debug|Any CPU
		{9BC9157F-1CF1-BFC9-A377-B9BE9B72BFDB}.Debug|Any CPU.Build.0 = Debug|Any CPU
		{9BC9157F-1CF1-BFC9-A377-B9BE9B72BFDB}.Release|Any CPU.ActiveCfg = Release|Any CPU
		{9BC9157F-1CF1-BFC9-A377-B9BE9B72BFDB}.Release|Any CPU.Build.0 = Release|Any CPU
	EndGlobalSection
	GlobalSection(SolutionProperties) = preSolution
		HideSolutionNode = FALSE
	EndGlobalSection
	GlobalSection(ExtensibilityGlobals) = postSolution
		SolutionGuid = {355C4C32-709C-41FD-8F70-4DC0FAD0C27A}
	EndGlobalSection
EndGlobal
